
Microsoft Visual Studio Solution File, Format Version 11.00
# Visual Studio 2010
Project("{FAE04EC0-301F-11D3-BF4B-00C04F79EFBC}") = "Assembly-CSharp", "Assembly-CSharp.csproj", "{FE6C1A3D-4B3A-AB1E-7BB7-40E84313CCCA}"
EndProject
Global
	GlobalSection(SolutionConfigurationPlatforms) = preSolution
		Debug|Any CPU = Debug|Any CPU
		Release|Any CPU = Release|Any CPU
	EndGlobalSection
	GlobalSection(ProjectConfigurationPlatforms) = postSolution
		{FE6C1A3D-4B3A-AB1E-7BB7-40E84313CCCA}.Debug|Any CPU.ActiveCfg = Debug|Any CPU
		{FE6C1A3D-4B3A-AB1E-7BB7-40E84313CCCA}.Debug|Any CPU.Build.0 = Debug|Any CPU
		{FE6C1A3D-4B3A-AB1E-7BB7-40E84313CCCA}.Release|Any CPU.ActiveCfg = Release|Any CPU
		{FE6C1A3D-4B3A-AB1E-7BB7-40E84313CCCA}.Release|Any CPU.Build.0 = Release|Any CPU
	EndGlobalSection
	GlobalSection(SolutionProperties) = preSolution
		HideSolutionNode = FALSE
	EndGlobalSection
EndGlobal
